# This file is automatically @generated by Poetry 2.1.1 and should not be changed by hand.

[[package]]
name = "bitarray"
version = "3.1.1"
description = "efficient arrays of booleans -- C extension"
optional = false
python-versions = "*"
groups = ["main"]
files = [
    {file = "bitarray-3.1.1-cp310-cp310-macosx_10_9_x86_64.whl", hash = "sha256:cb630142c0371862e114cc92fb3c7984b72bbbc4c7e7465225402ab8c7737637"},
    {file = "bitarray-3.1.1-cp310-cp310-macosx_11_0_arm64.whl", hash = "sha256:737755812c8834077885c0843e80eaaa2bf289c149f40a4ad0ed79e848fcbaf3"},
    {file = "bitarray-3.1.1-cp310-cp310-manylinux_2_17_aarch64.manylinux2014_aarch64.whl", hash = "sha256:e6a5d705bf86501db0106a25f4558f4954346ab13ac6eff6cb6d680c3f8e7fc9"},
    {file = "bitarray-3.1.1-cp310-cp310-manylinux_2_17_ppc64le.manylinux2014_ppc64le.whl", hash = "sha256:19e04daf81ff027e474e02c1cb5b56faa4180eab60efa60552ca6035957f067d"},
    {file = "bitarray-3.1.1-cp310-cp310-manylinux_2_17_s390x.manylinux2014_s390x.whl", hash = "sha256:d9af2df20c620a989a853afa9b01e1be85c9e8c22390aa508d3bbaff1abea27b"},
    {file = "bitarray-3.1.1-cp310-cp310-manylinux_2_17_x86_64.manylinux2014_x86_64.whl", hash = "sha256:81587e9e3e6a5fc528a3207fd7b2ff5690cf5b041d7786d851ed0618d6a7db55"},
    {file = "bitarray-3.1.1-cp310-cp310-manylinux_2_5_i686.manylinux1_i686.manylinux_2_17_i686.manylinux2014_i686.whl", hash = "sha256:121478e4c265ee84d0d154c0e227eee311d9e5885bd36c688b0db5c2c399f7bf"},
    {file = "bitarray-3.1.1-cp310-cp310-musllinux_1_2_aarch64.whl", hash = "sha256:38fae12b6578585a3ebf917303893d4cc917ddafa5f7dfe4dd3e9a3c7e487786"},
    {file = "bitarray-3.1.1-cp310-cp310-musllinux_1_2_i686.whl", hash = "sha256:210ae85e2a1ea9ee56fbfa749c43e1b4a883eae8676909a3e5c5e07ab6e64a19"},
    {file = "bitarray-3.1.1-cp310-cp310-musllinux_1_2_ppc64le.whl", hash = "sha256:a190b72836c5ffc31bb33e4d042da74520f4fdb484a3e3b6d4cbb344a220ef4e"},
    {file = "bitarray-3.1.1-cp310-cp310-musllinux_1_2_s390x.whl", hash = "sha256:08d344b28b91c09d752f8c3737e48de745d1c4c38a82ae1a22d537ab7b401958"},
    {file = "bitarray-3.1.1-cp310-cp310-musllinux_1_2_x86_64.whl", hash = "sha256:38dea3ce372a7383d1396c46ec816b92738bd50cf14d785770d68565f2234cbd"},
    {file = "bitarray-3.1.1-cp310-cp310-win32.whl", hash = "sha256:76cc30fc59ba83dbc91d56c30325c509e13c7264d98a3e8c80a4be5a429e745f"},
    {file = "bitarray-3.1.1-cp310-cp310-win_amd64.whl", hash = "sha256:66b9a9e6879733aa435ebf5aaa04adb2b577e09109383f301bf4da506ac08eb0"},
    {file = "bitarray-3.1.1-cp311-cp311-macosx_10_9_x86_64.whl", hash = "sha256:b4703f0a0b79b9567433f66a736f3d62f5f51e31f653ade93e7ee3f4d53388ab"},
    {file = "bitarray-3.1.1-cp311-cp311-macosx_11_0_arm64.whl", hash = "sha256:60b4dd3285ebef22d633d7d6d62dedbe812f5c989718adbfbbca8203072bdda2"},
    {file = "bitarray-3.1.1-cp311-cp311-manylinux_2_17_aarch64.manylinux2014_aarch64.whl", hash = "sha256:26a6c4ca77395248ffdac578328f5375a9adec19a9dafe2609279f47b485c4bd"},
    {file = "bitarray-3.1.1-cp311-cp311-manylinux_2_17_ppc64le.manylinux2014_ppc64le.whl", hash = "sha256:606c19d19cfe6940863e2eb8063524b51fc9422908ac8684782165e287f7a9b0"},
    {file = "bitarray-3.1.1-cp311-cp311-manylinux_2_17_s390x.manylinux2014_s390x.whl", hash = "sha256:327e9831662b94e1fabb4325b405a6aba945862d23e15f4fe2d79a9ab1a3956a"},
    {file = "bitarray-3.1.1-cp311-cp311-manylinux_2_17_x86_64.manylinux2014_x86_64.whl", hash = "sha256:91474a151d0b891bb4fba59d280f0fc2aa691e4509053b105972471e6e3bdb0a"},
    {file = "bitarray-3.1.1-cp311-cp311-manylinux_2_5_i686.manylinux1_i686.manylinux_2_17_i686.manylinux2014_i686.whl", hash = "sha256:811825c71ac5c6b6996ee480f1a9290ccb096c539e169349b480db6133748d26"},
    {file = "bitarray-3.1.1-cp311-cp311-musllinux_1_2_aarch64.whl", hash = "sha256:b8676f54ba745554f9f989e1d7fa6c39ba1420042755c1259933f206d10bfe20"},
    {file = "bitarray-3.1.1-cp311-cp311-musllinux_1_2_i686.whl", hash = "sha256:38ff12457e6d3123060af83fa442c310550eac11efa0918301afe3caced559e3"},
    {file = "bitarray-3.1.1-cp311-cp311-musllinux_1_2_ppc64le.whl", hash = "sha256:5c7ebd040c5aef90608ecf709590900c1ec1131b19b3bd6972218d740ba6ab88"},
    {file = "bitarray-3.1.1-cp311-cp311-musllinux_1_2_s390x.whl", hash = "sha256:ea6babf32bce3a8c5249adb6cde389dd4bacb50f926ebd5171ffea6c9897491a"},
    {file = "bitarray-3.1.1-cp311-cp311-musllinux_1_2_x86_64.whl", hash = "sha256:11fdd645909abbac60bca0579bd62a43d0f22850a2c2659e39509c1ccf96a4b0"},
    {file = "bitarray-3.1.1-cp311-cp311-win32.whl", hash = "sha256:2b27ab40f4b3861b32a380031d7f33952e16b968759446c8be07c64f9035a2d8"},
    {file = "bitarray-3.1.1-cp311-cp311-win_amd64.whl", hash = "sha256:2080b6110ffa62513774d9140ad6562fd1e478853a46ebe80b6b2cbb13bbfeb2"},
    {file = "bitarray-3.1.1-cp312-cp312-macosx_10_13_x86_64.whl", hash = "sha256:1af43aa945c595bff4386a2b64c46f6cee653883e295907e419f6745123a168f"},
    {file = "bitarray-3.1.1-cp312-cp312-macosx_11_0_arm64.whl", hash = "sha256:9e43e1a8b38d6e8ccc27cad74dabd8005b078856c471a1d0537491b71184f209"},
    {file = "bitarray-3.1.1-cp312-cp312-manylinux_2_17_aarch64.manylinux2014_aarch64.whl", hash = "sha256:6a3816df3db86feaa8b4efd6844c6808147954626898355253e11e2544145f48"},
    {file = "bitarray-3.1.1-cp312-cp312-manylinux_2_17_ppc64le.manylinux2014_ppc64le.whl", hash = "sha256:f913548d2907633782f0c3de72fa28646e1f97bdaf7f2df04014a17e923a258b"},
    {file = "bitarray-3.1.1-cp312-cp312-manylinux_2_17_s390x.manylinux2014_s390x.whl", hash = "sha256:7aceaaff83bcdf87bcc13788e29fd068d1a1e6965946ffed80f6e9323e5edd3d"},
    {file = "bitarray-3.1.1-cp312-cp312-manylinux_2_17_x86_64.manylinux2014_x86_64.whl", hash = "sha256:079a2fd318d2300c2ef6e84fe9f8f563bcfad46b1360b7d58d82711e5bd8ea56"},
    {file = "bitarray-3.1.1-cp312-cp312-manylinux_2_5_i686.manylinux1_i686.manylinux_2_17_i686.manylinux2014_i686.whl", hash = "sha256:41f0f93a3ccde6f0e3b953d5adc89f7d4acdd3aadf71af8353c8b288a9d4bd80"},
    {file = "bitarray-3.1.1-cp312-cp312-musllinux_1_2_aarch64.whl", hash = "sha256:51f860b200fa90e446db77fe57173603ddb81eef4d4ba1ccdc277b564b3f20ab"},
    {file = "bitarray-3.1.1-cp312-cp312-musllinux_1_2_i686.whl", hash = "sha256:5c819daa6c11107614328d9018ccbaf5b7c64060172bf564373d62928f139e87"},
    {file = "bitarray-3.1.1-cp312-cp312-musllinux_1_2_ppc64le.whl", hash = "sha256:21081fb49d6b0a19b238d30dc0c948bec365bf16fccc2a1478a2794b37a6a812"},
    {file = "bitarray-3.1.1-cp312-cp312-musllinux_1_2_s390x.whl", hash = "sha256:514757d0f76d9f84187ea15debd8b3956438f6f4f1e600be1019facdb6076796"},
    {file = "bitarray-3.1.1-cp312-cp312-musllinux_1_2_x86_64.whl", hash = "sha256:a44c5271f7e079530f7a5eecac55cb4ff350ac82db768c550f66c1419893e4c7"},
    {file = "bitarray-3.1.1-cp312-cp312-win32.whl", hash = "sha256:97825938fa3fd7e917e40d66ab70ff133dee385da13cf91e0bd5cd4ec2d97048"},
    {file = "bitarray-3.1.1-cp312-cp312-win_amd64.whl", hash = "sha256:1dffa70fdf6e4aba4e4f8c8aa408950c3199f71546fb24cafc70f03400b22a59"},
    {file = "bitarray-3.1.1-cp313-cp313-macosx_10_13_x86_64.whl", hash = "sha256:20969936312f1f141448debcfd48ec9f64fbf5981b5cd8e01261c8307f7d4be3"},
    {file = "bitarray-3.1.1-cp313-cp313-macosx_11_0_arm64.whl", hash = "sha256:1e2240b17a3161f5b921a915c2c43091dfb00d8fd495663b31dfe7edbebd7ef6"},
    {file = "bitarray-3.1.1-cp313-cp313-manylinux_2_17_aarch64.manylinux2014_aarch64.whl", hash = "sha256:71c2cdbb3f625f676f7d1aaab11e29e87195ef07bbf4b5cd7688fc560336a8f1"},
    {file = "bitarray-3.1.1-cp313-cp313-manylinux_2_17_ppc64le.manylinux2014_ppc64le.whl", hash = "sha256:4eb3a9c105f7c92c1369fffdd6635344173cf855d9aa1cb74d2485a77ff4c9e7"},
    {file = "bitarray-3.1.1-cp313-cp313-manylinux_2_17_s390x.manylinux2014_s390x.whl", hash = "sha256:db71d42035a1789409975c09c70305930a0b7e0f448aba0a198b2f8505bacd6d"},
    {file = "bitarray-3.1.1-cp313-cp313-manylinux_2_17_x86_64.manylinux2014_x86_64.whl", hash = "sha256:0948fc9408f8e691d8f83460b1a9376543909bf66a7c7325e9a1974ed045e9c3"},
    {file = "bitarray-3.1.1-cp313-cp313-manylinux_2_5_i686.manylinux1_i686.manylinux_2_17_i686.manylinux2014_i686.whl", hash = "sha256:22bc5460e2b28674c49842f9c5f47ed68866dbb97d4ee6fc627efce9dda35a6e"},
    {file = "bitarray-3.1.1-cp313-cp313-musllinux_1_2_aarch64.whl", hash = "sha256:9ba698f812926a4026929891ecde4f863cb80139bd06581767c77edc63de578c"},
    {file = "bitarray-3.1.1-cp313-cp313-musllinux_1_2_i686.whl", hash = "sha256:651e38e3368b3f79b5aadf2eda04cb3fcb2007513bcee4c658fed2b419be3083"},
    {file = "bitarray-3.1.1-cp313-cp313-musllinux_1_2_ppc64le.whl", hash = "sha256:9c3b7e2ffdfbf535268c588c566013b7da99b3e70ff6f968f1a76b32e6252c6a"},
    {file = "bitarray-3.1.1-cp313-cp313-musllinux_1_2_s390x.whl", hash = "sha256:3e305f7ecdac83d83e68c87f3bc0c9be64941e34b58d7b4ad171fbb7c0d0aaaf"},
    {file = "bitarray-3.1.1-cp313-cp313-musllinux_1_2_x86_64.whl", hash = "sha256:b23df9c5b767a58fe6a9ce79f126ebacd8bc4b1c93d9eec8904727baad887a5b"},
    {file = "bitarray-3.1.1-cp313-cp313-win32.whl", hash = "sha256:b9b1109ca43344333a4106b22d70c41c21c559fd8199f09fcfbb9f9e5fd3130b"},
    {file = "bitarray-3.1.1-cp313-cp313-win_amd64.whl", hash = "sha256:72d6a03b5c27a27ba6a528d511b70f256796ae228c6b97aac9e8c87f53392d3b"},
    {file = "bitarray-3.1.1-cp36-cp36m-macosx_10_9_x86_64.whl", hash = "sha256:060f64cbebc0eaf7ca827fe56eff37b96675d1451700f496a709a915291fc1c7"},
    {file = "bitarray-3.1.1-cp36-cp36m-manylinux_2_17_aarch64.manylinux2014_aarch64.whl", hash = "sha256:06d9559afc9a331f2d14f3fa907c98e7924fa640b8e0b2dd67dafa0ec92bb305"},
    {file = "bitarray-3.1.1-cp36-cp36m-manylinux_2_17_ppc64le.manylinux2014_ppc64le.whl", hash = "sha256:c5dc56399f172537e4f3449b61b1a296b8700602d9038d16fd85875b60b7f9cc"},
    {file = "bitarray-3.1.1-cp36-cp36m-manylinux_2_17_s390x.manylinux2014_s390x.whl", hash = "sha256:afe1df1246cfd7b2f7c76e028385907ba1cbf9d25338de60512c344013906a16"},
    {file = "bitarray-3.1.1-cp36-cp36m-manylinux_2_17_x86_64.manylinux2014_x86_64.whl", hash = "sha256:e8a70f84ef2fda2e55caac581c2f46ffc5c585b5d2c16b6db4f5280b2ba50db5"},
    {file = "bitarray-3.1.1-cp36-cp36m-manylinux_2_5_i686.manylinux1_i686.manylinux_2_17_i686.manylinux2014_i686.whl", hash = "sha256:455983b119b4a453016c2d64345dfc1b137b382e3c7478fcf0b2ddf0af3f7e9e"},
    {file = "bitarray-3.1.1-cp36-cp36m-musllinux_1_2_aarch64.whl", hash = "sha256:9fc3ac6216f15c5f7e8db1db88efca9b4daa49a90a16350e2c9a9a72b1b906db"},
    {file = "bitarray-3.1.1-cp36-cp36m-musllinux_1_2_i686.whl", hash = "sha256:0d6f607c8f0e63c38254d33481ca5b9fbd3e56dd024651bfa04184907435e503"},
    {file = "bitarray-3.1.1-cp36-cp36m-musllinux_1_2_ppc64le.whl", hash = "sha256:cea414549b8400a9afd626a3065b54aacb48e733c4ab66309b864e092894b8ca"},
    {file = "bitarray-3.1.1-cp36-cp36m-musllinux_1_2_s390x.whl", hash = "sha256:5fb3a2e32a69ba83e5b83021552ac93f61b969344f74d5218a41d1f8b3fe0164"},
    {file = "bitarray-3.1.1-cp36-cp36m-musllinux_1_2_x86_64.whl", hash = "sha256:38a77521395549a748f5fbc85adfdf79dad946b12f1f9f0a99788fe7d7b50585"},
    {file = "bitarray-3.1.1-cp36-cp36m-win32.whl", hash = "sha256:d7b2b4772dbfe05f3b2835aa8cf67c5c014ed926a6971f12aa22444d0087394d"},
    {file = "bitarray-3.1.1-cp36-cp36m-win_amd64.whl", hash = "sha256:6c4a202b4ea5efd23f363221a7c3e18843e01684039f45047a69b902e9ce75ee"},
    {file = "bitarray-3.1.1-cp37-cp37m-macosx_10_9_x86_64.whl", hash = "sha256:23aa1a5e190b66c61e6ac1637a7b3aead55561b93d441b9c3a5768eae6801fd5"},
    {file = "bitarray-3.1.1-cp37-cp37m-manylinux_2_17_aarch64.manylinux2014_aarch64.whl", hash = "sha256:38605fffcbec9d8c86068dc7a9da177d489712f7bfb0144aaa1b744b72e02a35"},
    {file = "bitarray-3.1.1-cp37-cp37m-manylinux_2_17_ppc64le.manylinux2014_ppc64le.whl", hash = "sha256:c762bade705ddc129b9cd2ed4a5e61feb9acc02c9e7e0eff227c0df3180730e6"},
    {file = "bitarray-3.1.1-cp37-cp37m-manylinux_2_17_s390x.manylinux2014_s390x.whl", hash = "sha256:0a074f7702ff57a5dbc65deaebced6b0e26bac30b698ae41a21afe1fcf07e570"},
    {file = "bitarray-3.1.1-cp37-cp37m-manylinux_2_17_x86_64.manylinux2014_x86_64.whl", hash = "sha256:9a6ba3ff93d9fff8a659e01b55aca1faa438174a2cc344272adaa1c70f9b65bf"},
    {file = "bitarray-3.1.1-cp37-cp37m-manylinux_2_5_i686.manylinux1_i686.manylinux_2_17_i686.manylinux2014_i686.whl", hash = "sha256:728160613cd15aaca6d8b32fb67605661681304a6dffedac1c17ec1a07ae15d9"},
    {file = "bitarray-3.1.1-cp37-cp37m-musllinux_1_2_aarch64.whl", hash = "sha256:1b7cbe9712cb9b21d89e90cb5fd85586d0046c1ca4e4713ae9c8aa9735176dc5"},
    {file = "bitarray-3.1.1-cp37-cp37m-musllinux_1_2_i686.whl", hash = "sha256:15ddc1f21304d1c5d7518dcf3bad0f4fe87d0c76e7334e7358060778504e8731"},
    {file = "bitarray-3.1.1-cp37-cp37m-musllinux_1_2_ppc64le.whl", hash = "sha256:e89a21d0c0433faba0916aa0b5d60de46af33170604afa693399a21c6c354922"},
    {file = "bitarray-3.1.1-cp37-cp37m-musllinux_1_2_s390x.whl", hash = "sha256:31c6becd03b1ae0fc110557a89e3fb52180c9025a7b5bb16de25e9945425723c"},
    {file = "bitarray-3.1.1-cp37-cp37m-musllinux_1_2_x86_64.whl", hash = "sha256:4a3a30d672e8ba935f10d9f653fb1f509e3fee7fd95af0031a9a0fdc499a23a8"},
    {file = "bitarray-3.1.1-cp37-cp37m-win32.whl", hash = "sha256:245d892636ff22ce8c91a5492da0f466b2893b9983f06f8b5e60d2f8cdfbd423"},
    {file = "bitarray-3.1.1-cp37-cp37m-win_amd64.whl", hash = "sha256:b0574b90caeb26807e857cbcdfeee1af195f307d9431084c2c604b58be847534"},
    {file = "bitarray-3.1.1-cp38-cp38-macosx_10_9_x86_64.whl", hash = "sha256:52f63f1a6d245e6a957a6d26f432326acc388ac95cb62dc42cbf8cce6344feab"},
    {file = "bitarray-3.1.1-cp38-cp38-macosx_11_0_arm64.whl", hash = "sha256:8a3dbc916148a19a1c843713eec1d3c9a5dfa0634f855f5e3d8b9d5c2e812223"},
    {file = "bitarray-3.1.1-cp38-cp38-manylinux_2_17_aarch64.manylinux2014_aarch64.whl", hash = "sha256:9a743ffa18cf09aab6d1db2e622b8d5aa9602861114425c2804f3081d6e577df"},
    {file = "bitarray-3.1.1-cp38-cp38-manylinux_2_17_ppc64le.manylinux2014_ppc64le.whl", hash = "sha256:ada86c723d15002ec364fe4a4c6e86dcf1b99dab24614080a5ff134c709181f6"},
    {file = "bitarray-3.1.1-cp38-cp38-manylinux_2_17_s390x.manylinux2014_s390x.whl", hash = "sha256:c3d8892a4103ceba686aef24ee582884c0053f62636aded40fef66337259c635"},
    {file = "bitarray-3.1.1-cp38-cp38-manylinux_2_17_x86_64.manylinux2014_x86_64.whl", hash = "sha256:14f32d97baba5ec3e27810b8ed6449ffa45377921f2f418d7ae0d50f2f91ddf7"},
    {file = "bitarray-3.1.1-cp38-cp38-manylinux_2_5_i686.manylinux1_i686.manylinux_2_17_i686.manylinux2014_i686.whl", hash = "sha256:c0c2a3e3d6d156dcd7ad2d3b262a7661319c9218811c45589f3944fe17577c43"},
    {file = "bitarray-3.1.1-cp38-cp38-musllinux_1_2_aarch64.whl", hash = "sha256:046c14fdd9cb07ecc7f577aa6ee3cd5d2b1fbf6904c4fdf4acac8995295a9eea"},
    {file = "bitarray-3.1.1-cp38-cp38-musllinux_1_2_i686.whl", hash = "sha256:eb0c3680c76aad6919898330e8e60720938657cabcbc6e4476ef795575eeef5d"},
    {file = "bitarray-3.1.1-cp38-cp38-musllinux_1_2_ppc64le.whl", hash = "sha256:7cf85fb9dad2126ec030e1032c4cc01b0aab6d810bb0f2ab42a4c2a7230b7260"},
    {file = "bitarray-3.1.1-cp38-cp38-musllinux_1_2_s390x.whl", hash = "sha256:ae7735aeec1325591824429d51437835493d7305fa183b07cffba07eb95068e5"},
    {file = "bitarray-3.1.1-cp38-cp38-musllinux_1_2_x86_64.whl", hash = "sha256:72c6cf5f4612b047eba8ba09ae35f789ff4750ff460f61b788195797736ce7e8"},
    {file = "bitarray-3.1.1-cp38-cp38-win32.whl", hash = "sha256:f7792f61010237e39e44c570cede96a5eb4f43c3a07384f9f3b627a1c77e9ff3"},
    {file = "bitarray-3.1.1-cp38-cp38-win_amd64.whl", hash = "sha256:d20b0cb6b9e7b0b2051331b214dbd5e6dcb39f7aba7cb1e151db5c120f868fdf"},
    {file = "bitarray-3.1.1-cp39-cp39-macosx_10_9_x86_64.whl", hash = "sha256:a2c8503ceb11c998a2adecf3aa0419537cf136a703e394c87ef39380a1d6a780"},
    {file = "bitarray-3.1.1-cp39-cp39-macosx_11_0_arm64.whl", hash = "sha256:6296ae4c4f9848e9b136307b7c22881dfe2b574935c90f7b3a9a2e9b893532ca"},
    {file = "bitarray-3.1.1-cp39-cp39-manylinux_2_17_aarch64.manylinux2014_aarch64.whl", hash = "sha256:6f5f421231fb8c723a12a0b4114392336c8a32a53c24c37be143e6021a34156c"},
    {file = "bitarray-3.1.1-cp39-cp39-manylinux_2_17_ppc64le.manylinux2014_ppc64le.whl", hash = "sha256:2fb6b28ae70a44f131ed728d6b84c4660c61340ca01e59fc51e3deef679e1557"},
    {file = "bitarray-3.1.1-cp39-cp39-manylinux_2_17_s390x.manylinux2014_s390x.whl", hash = "sha256:be6cff71ceb829d179c954471c606675d0731185a88fc40dbd20750b8fd98153"},
    {file = "bitarray-3.1.1-cp39-cp39-manylinux_2_17_x86_64.manylinux2014_x86_64.whl", hash = "sha256:d1c57bceb4b489d5c0766d4a14f9f5a0836973605c541001ab0d23c11c0aac39"},
    {file = "bitarray-3.1.1-cp39-cp39-manylinux_2_5_i686.manylinux1_i686.manylinux_2_17_i686.manylinux2014_i686.whl", hash = "sha256:99ef9a74f10bd7dcfef61586ce65dbac45c673b7b5a5c2bb16e13e0d48143b2b"},
    {file = "bitarray-3.1.1-cp39-cp39-musllinux_1_2_aarch64.whl", hash = "sha256:cb5d72561eda4f63db55a530df0c0519cda35dcc21e6fef13a749760fdfbd09c"},
    {file = "bitarray-3.1.1-cp39-cp39-musllinux_1_2_i686.whl", hash = "sha256:5795490322e52ca4fa4e5b264edbc72189ed9d48f1a552828ae282df9efa2635"},
    {file = "bitarray-3.1.1-cp39-cp39-musllinux_1_2_ppc64le.whl", hash = "sha256:33ea03ed0c1390791f6595acd580e1a99f7faad35f195396665639db4a57b15a"},
    {file = "bitarray-3.1.1-cp39-cp39-musllinux_1_2_s390x.whl", hash = "sha256:7eff29d081db1473b08d7cce5b2649e56a4d224f4a0f89392a7b9859ca3eaf05"},
    {file = "bitarray-3.1.1-cp39-cp39-musllinux_1_2_x86_64.whl", hash = "sha256:d23e1e80871a3cc37f955b93564af1c74232e50a2926f9b2ea2dbd818dc17b6c"},
    {file = "bitarray-3.1.1-cp39-cp39-win32.whl", hash = "sha256:8355a0c0db4834c2b34f721a33db8257a0410384fc02e1e4fa752146d94d812c"},
    {file = "bitarray-3.1.1-cp39-cp39-win_amd64.whl", hash = "sha256:dd08e2912dbec87c01d755603b4e196529086090e16c6721a797943ff999b8c6"},
    {file = "bitarray-3.1.1-pp310-pypy310_pp73-macosx_10_15_x86_64.whl", hash = "sha256:e597f014af2538475b0815a035b1d9353eb0206ede61675354ab410026f66948"},
    {file = "bitarray-3.1.1-pp310-pypy310_pp73-macosx_11_0_arm64.whl", hash = "sha256:b658a1cc62b8c6c2375a56b99330c1d66be9352ce299fd649b3f82b055532c07"},
    {file = "bitarray-3.1.1-pp310-pypy310_pp73-manylinux_2_17_aarch64.manylinux2014_aarch64.whl", hash = "sha256:c96382afde96fe02a138bb5d76bb9cad22bcdfe51f223a0cf855c66c0d866af8"},
    {file = "bitarray-3.1.1-pp310-pypy310_pp73-manylinux_2_17_x86_64.manylinux2014_x86_64.whl", hash = "sha256:9e32b3b2224ef4855c024c9b3a98bc2cd3d2785937472af1c929ada347fe7cb2"},
    {file = "bitarray-3.1.1-pp310-pypy310_pp73-manylinux_2_5_i686.manylinux1_i686.manylinux_2_17_i686.manylinux2014_i686.whl", hash = "sha256:34d5d9d72b6db783d7427e4a5a5b2d48b2ec9df0772d859483a5e31b1231b001"},
    {file = "bitarray-3.1.1-pp310-pypy310_pp73-win_amd64.whl", hash = "sha256:8560480a743341f5720e1ed91234e2199ca4422a6afe849575562aa920468487"},
    {file = "bitarray-3.1.1-pp37-pypy37_pp73-macosx_10_9_x86_64.whl", hash = "sha256:71af8c4304235d4ba612429cd1b73a7c447b43e4515a6447092e681de2c9c3ac"},
    {file = "bitarray-3.1.1-pp37-pypy37_pp73-manylinux_2_17_aarch64.manylinux2014_aarch64.whl", hash = "sha256:031df3e652098b6a281bc313de8c0ab1b954de677fed94dd828a24a2b3f14be8"},
    {file = "bitarray-3.1.1-pp37-pypy37_pp73-manylinux_2_17_x86_64.manylinux2014_x86_64.whl", hash = "sha256:aceff0f8c824ed5908a2e407460715a434be7b52fb12c6b59a58750d0625d8a8"},
    {file = "bitarray-3.1.1-pp37-pypy37_pp73-manylinux_2_5_i686.manylinux1_i686.manylinux_2_17_i686.manylinux2014_i686.whl", hash = "sha256:2bf85f46940b5d76d7e6439c6a5a56a6f3b2919ca35a457a4a54e515430a0f97"},
    {file = "bitarray-3.1.1-pp37-pypy37_pp73-win_amd64.whl", hash = "sha256:646413392d38539565c7b88167ebfc60e36831c1a410a4b16d4bc3d1bbf4975e"},
    {file = "bitarray-3.1.1-pp38-pypy38_pp73-macosx_10_9_x86_64.whl", hash = "sha256:d5585752cc05f66cc3e05d56af52e6f3a5f97f208c63cb9e6e257af011de4c0b"},
    {file = "bitarray-3.1.1-pp38-pypy38_pp73-macosx_11_0_arm64.whl", hash = "sha256:22206aeb63ca53691b1ce4aee84a4bdfbaed37930f29a82d5ad461b87f895f3a"},
    {file = "bitarray-3.1.1-pp38-pypy38_pp73-manylinux_2_17_aarch64.manylinux2014_aarch64.whl", hash = "sha256:368795500ee9804030be3a02d5a808b6a5fb140774dd837eb5535d31bb5308b1"},
    {file = "bitarray-3.1.1-pp38-pypy38_pp73-manylinux_2_17_x86_64.manylinux2014_x86_64.whl", hash = "sha256:d4479f931eea003bef9fa40e66835f68e8e16fa8d630084a1ec9fdebb75075b6"},
    {file = "bitarray-3.1.1-pp38-pypy38_pp73-manylinux_2_5_i686.manylinux1_i686.manylinux_2_17_i686.manylinux2014_i686.whl", hash = "sha256:1ed594ba89a7332e850a72890c7532f84ee8769258545cab12df0136b2510846"},
    {file = "bitarray-3.1.1-pp38-pypy38_pp73-win_amd64.whl", hash = "sha256:f282166d151bff9953119a3499dcc9786e52e5164068b9ec76ee002fb9d28049"},
    {file = "bitarray-3.1.1-pp39-pypy39_pp73-macosx_10_15_x86_64.whl", hash = "sha256:598b61a7cb137a4d099ab911d7c570a9f71490fa36972d3628813479eaca823a"},
    {file = "bitarray-3.1.1-pp39-pypy39_pp73-macosx_11_0_arm64.whl", hash = "sha256:5ee3f480835d36c90e44630d41cad06e64c7ed59aea5755d56d25221977d0be4"},
    {file = "bitarray-3.1.1-pp39-pypy39_pp73-manylinux_2_17_aarch64.manylinux2014_aarch64.whl", hash = "sha256:77721f46f5813a7e6f0d468fc87e43695a8a3b8d72dd6a0ee380b6462b891d19"},
    {file = "bitarray-3.1.1-pp39-pypy39_pp73-manylinux_2_17_x86_64.manylinux2014_x86_64.whl", hash = "sha256:e806bd09a3cd233228d7541499a8ed7a04b3b1ebf88cbaf78810b272bbb71049"},
    {file = "bitarray-3.1.1-pp39-pypy39_pp73-manylinux_2_5_i686.manylinux1_i686.manylinux_2_17_i686.manylinux2014_i686.whl", hash = "sha256:cfd84ae7175ab08dbd74e9cb2c3fc42d576595295e99e5493bbe9f18b2cd6da6"},
    {file = "bitarray-3.1.1-pp39-pypy39_pp73-win_amd64.whl", hash = "sha256:beffc47500054b835824f273f056643dadedd45eab89d354be55e557a7040a4c"},
    {file = "bitarray-3.1.1.tar.gz", hash = "sha256:a3c1d74ac2c969bac33169286fe601f8a6f4ca0e8f26dbaa22ad61fbf8fcf259"},
]

[[package]]
name = "colorama"
version = "0.4.6"
description = "Cross-platform colored terminal text."
optional = false
python-versions = "!=3.0.*,!=3.1.*,!=3.2.*,!=3.3.*,!=3.4.*,!=3.5.*,!=3.6.*,>=2.7"
groups = ["dev"]
markers = "sys_platform == \"win32\""
files = [
    {file = "colorama-0.4.6-py2.py3-none-any.whl", hash = "sha256:4f1d9991f5acc0ca119f9d443620b77f9d6b33703e51011c16baf57afb285fc6"},
    {file = "colorama-0.4.6.tar.gz", hash = "sha256:08695f5cb7ed6e0531a20572697297273c47b8cae5a63ffc6d6ed5c201be6e44"},
]

[[package]]
name = "exceptiongroup"
version = "1.2.2"
description = "Backport of PEP 654 (exception groups)"
optional = false
python-versions = ">=3.7"
groups = ["dev"]
markers = "python_version < \"3.11\""
files = [
    {file = "exceptiongroup-1.2.2-py3-none-any.whl", hash = "sha256:3111b9d131c238bec2f8f516e123e14ba243563fb135d3fe885990585aa7795b"},
    {file = "exceptiongroup-1.2.2.tar.gz", hash = "sha256:47c2edf7c6738fafb49fd34290706d1a1a2f4d1c6df275526b62cbb4aa5393cc"},
]

[package.extras]
test = ["pytest (>=6)"]

[[package]]
name = "iniconfig"
version = "2.0.0"
description = "brain-dead simple config-ini parsing"
optional = false
python-versions = ">=3.7"
groups = ["dev"]
files = [
    {file = "iniconfig-2.0.0-py3-none-any.whl", hash = "sha256:b6a85871a79d2e3b22d2d1b94ac2824226a63c6b741c88f7ae975f18b6778374"},
    {file = "iniconfig-2.0.0.tar.gz", hash = "sha256:2d91e135bf72d31a410b17c16da610a82cb55f6b0477d1a902134b24a455b8b3"},
]

[[package]]
name = "packaging"
version = "24.2"
description = "Core utilities for Python packages"
optional = false
python-versions = ">=3.8"
groups = ["dev"]
files = [
    {file = "packaging-24.2-py3-none-any.whl", hash = "sha256:09abb1bccd265c01f4a3aa3f7a7db064b36514d2cba19a2f694fe6150451a759"},
    {file = "packaging-24.2.tar.gz", hash = "sha256:c228a6dc5e932d346bc5739379109d49e8853dd8223571c7c5b55260edc0b97f"},
]

[[package]]
name = "pluggy"
version = "1.5.0"
description = "plugin and hook calling mechanisms for python"
optional = false
python-versions = ">=3.8"
groups = ["dev"]
files = [
    {file = "pluggy-1.5.0-py3-none-any.whl", hash = "sha256:44e1ad92c8ca002de6377e165f3e0f1be63266ab4d554740532335b9d75ea669"},
    {file = "pluggy-1.5.0.tar.gz", hash = "sha256:2cffa88e94fdc978c4c574f15f9e59b7f4201d439195c3715ca9e2486f1d0cf1"},
]

[package.extras]
dev = ["pre-commit", "tox"]
testing = ["pytest", "pytest-benchmark"]

[[package]]
name = "pyphonetics"
version = "0.5.3"
description = "A Python 3 phonetics library."
optional = false
python-versions = "*"
groups = ["main"]
files = [
    {file = "pyphonetics-0.5.3-py2.py3-none-any.whl", hash = "sha256:e6b29671d0d624dda1cac59c0c5a8a7216d8db504bae4941bfc482e04a0621d1"},
    {file = "pyphonetics-0.5.3.tar.gz", hash = "sha256:2d3c2e359fde91a3c57914f0b5468bba7a5daf38e7927fd999992ea68990fbe4"},
]

[package.dependencies]
unidecode = ">=1,<2"

[[package]]
name = "pytest"
version = "8.3.5"
description = "pytest: simple powerful testing with Python"
optional = false
python-versions = ">=3.8"
groups = ["dev"]
files = [
    {file = "pytest-8.3.5-py3-none-any.whl", hash = "sha256:c69214aa47deac29fad6c2a4f590b9c4a9fdb16a403176fe154b79c0b4d4d820"},
    {file = "pytest-8.3.5.tar.gz", hash = "sha256:f4efe70cc14e511565ac476b57c279e12a855b11f48f212af1080ef2263d3845"},
]

[package.dependencies]
colorama = {version = "*", markers = "sys_platform == \"win32\""}
exceptiongroup = {version = ">=1.0.0rc8", markers = "python_version < \"3.11\""}
iniconfig = "*"
packaging = "*"
pluggy = ">=1.5,<2"
tomli = {version = ">=1", markers = "python_version < \"3.11\""}

[package.extras]
dev = ["argcomplete", "attrs (>=19.2)", "hypothesis (>=3.56)", "mock", "pygments (>=2.7.2)", "requests", "setuptools", "xmlschema"]

[[package]]
name = "ruff"
version = "0.10.0"
description = "An extremely fast Python linter and code formatter, written in Rust."
optional = false
python-versions = ">=3.7"
groups = ["dev"]
files = [
    {file = "ruff-0.10.0-py3-none-linux_armv6l.whl", hash = "sha256:46a2aa0eaae5048e5f804f0be9489d8a661633e23277b7293089e70d5c1a35c4"},
    {file = "ruff-0.10.0-py3-none-macosx_10_12_x86_64.whl", hash = "sha256:775a6bc61af9dd0a2e1763406522a137e62aabb743d8b43ed95f019cdd1526c7"},
    {file = "ruff-0.10.0-py3-none-macosx_11_0_arm64.whl", hash = "sha256:8b03e6fcd39d20f0004f9956f0ed5eadc404d3a299f9d9286323884e3b663730"},
    {file = "ruff-0.10.0-py3-none-manylinux_2_17_aarch64.manylinux2014_aarch64.whl", hash = "sha256:621101d1af80248827f2409a78c8177c8319986a57b4663613b9c72f8617bfcd"},
    {file = "ruff-0.10.0-py3-none-manylinux_2_17_armv7l.manylinux2014_armv7l.whl", hash = "sha256:e2dfe85cb6bfbd4259801e7d4982f2a72bdbd5749dc73a09d68a6dbf77f2209a"},
    {file = "ruff-0.10.0-py3-none-manylinux_2_17_i686.manylinux2014_i686.whl", hash = "sha256:43ac3879a20c22fdc57e559f0bb27f0c71828656841d0b42d3505b1e5b3a83c8"},
    {file = "ruff-0.10.0-py3-none-manylinux_2_17_ppc64.manylinux2014_ppc64.whl", hash = "sha256:ef5e3aac421bbc62f8a7aab21edd49a359ed42205f7a5091a74386bca1efa293"},
    {file = "ruff-0.10.0-py3-none-manylinux_2_17_ppc64le.manylinux2014_ppc64le.whl", hash = "sha256:9f4f62d7fac8b748fce67ad308116b4d4cc1a9f964b4804fc5408fbd06e13ba9"},
    {file = "ruff-0.10.0-py3-none-manylinux_2_17_s390x.manylinux2014_s390x.whl", hash = "sha256:02f9f6205c5b0d626f98da01a0e75b724a64c21c554bba24b12522c9e9ba6a04"},
    {file = "ruff-0.10.0-py3-none-manylinux_2_17_x86_64.manylinux2014_x86_64.whl", hash = "sha256:46a97f3d55f68464c48d1e929a8582c7e5bb80ac73336bbc7b0da894d8e6cd9e"},
    {file = "ruff-0.10.0-py3-none-musllinux_1_2_aarch64.whl", hash = "sha256:a0b811197d0dc96c13d610f8cfdc56030b405bcff5c2f10eab187b329da0ca4a"},
    {file = "ruff-0.10.0-py3-none-musllinux_1_2_armv7l.whl", hash = "sha256:a13a3fda0870c1c964b47ff5d73805ae80d2a9de93ee2d185d453b8fddf85a84"},
    {file = "ruff-0.10.0-py3-none-musllinux_1_2_i686.whl", hash = "sha256:6ceb8d9f062e90ddcbad929f6136edf764bbf6411420a07e8357602ea28cd99f"},
    {file = "ruff-0.10.0-py3-none-musllinux_1_2_x86_64.whl", hash = "sha256:c41d07d573617ed2f287ea892af2446fd8a8d877481e8e1ba6928e020665d240"},
    {file = "ruff-0.10.0-py3-none-win32.whl", hash = "sha256:76e2de0cbdd587e373cd3b4050d2c45babdd7014c1888a6f121c29525c748a15"},
    {file = "ruff-0.10.0-py3-none-win_amd64.whl", hash = "sha256:f943acdecdcc6786a8d1dad455dd9f94e6d57ccc115be4993f9b52ef8316027a"},
    {file = "ruff-0.10.0-py3-none-win_arm64.whl", hash = "sha256:935a943bdbd9ff0685acd80d484ea91088e27617537b5f7ef8907187d19d28d0"},
    {file = "ruff-0.10.0.tar.gz", hash = "sha256:fa1554e18deaf8aa097dbcfeafaf38b17a2a1e98fdc18f50e62e8a836abee392"},
]

[[package]]
name = "tomli"
version = "2.2.1"
description = "A lil' TOML parser"
optional = false
python-versions = ">=3.8"
groups = ["dev"]
markers = "python_version < \"3.11\""
files = [
    {file = "tomli-2.2.1-cp311-cp311-macosx_10_9_x86_64.whl", hash = "sha256:678e4fa69e4575eb77d103de3df8a895e1591b48e740211bd1067378c69e8249"},
    {file = "tomli-2.2.1-cp311-cp311-macosx_11_0_arm64.whl", hash = "sha256:023aa114dd824ade0100497eb2318602af309e5a55595f76b626d6d9f3b7b0a6"},
    {file = "tomli-2.2.1-cp311-cp311-manylinux_2_17_aarch64.manylinux2014_aarch64.whl", hash = "sha256:ece47d672db52ac607a3d9599a9d48dcb2f2f735c6c2d1f34130085bb12b112a"},
    {file = "tomli-2.2.1-cp311-cp311-manylinux_2_17_x86_64.manylinux2014_x86_64.whl", hash = "sha256:6972ca9c9cc9f0acaa56a8ca1ff51e7af152a9f87fb64623e31d5c83700080ee"},
    {file = "tomli-2.2.1-cp311-cp311-manylinux_2_5_i686.manylinux1_i686.manylinux_2_17_i686.manylinux2014_i686.whl", hash = "sha256:c954d2250168d28797dd4e3ac5cf812a406cd5a92674ee4c8f123c889786aa8e"},
    {file = "tomli-2.2.1-cp311-cp311-musllinux_1_2_aarch64.whl", hash = "sha256:8dd28b3e155b80f4d54beb40a441d366adcfe740969820caf156c019fb5c7ec4"},
    {file = "tomli-2.2.1-cp311-cp311-musllinux_1_2_i686.whl", hash = "sha256:e59e304978767a54663af13c07b3d1af22ddee3bb2fb0618ca1593e4f593a106"},
    {file = "tomli-2.2.1-cp311-cp311-musllinux_1_2_x86_64.whl", hash = "sha256:33580bccab0338d00994d7f16f4c4ec25b776af3ffaac1ed74e0b3fc95e885a8"},
    {file = "tomli-2.2.1-cp311-cp311-win32.whl", hash = "sha256:465af0e0875402f1d226519c9904f37254b3045fc5084697cefb9bdde1ff99ff"},
    {file = "tomli-2.2.1-cp311-cp311-win_amd64.whl", hash = "sha256:2d0f2fdd22b02c6d81637a3c95f8cd77f995846af7414c5c4b8d0545afa1bc4b"},
    {file = "tomli-2.2.1-cp312-cp312-macosx_10_13_x86_64.whl", hash = "sha256:4a8f6e44de52d5e6c657c9fe83b562f5f4256d8ebbfe4ff922c495620a7f6cea"},
    {file = "tomli-2.2.1-cp312-cp312-macosx_11_0_arm64.whl", hash = "sha256:8d57ca8095a641b8237d5b079147646153d22552f1c637fd3ba7f4b0b29167a8"},
    {file = "tomli-2.2.1-cp312-cp312-manylinux_2_17_aarch64.manylinux2014_aarch64.whl", hash = "sha256:4e340144ad7ae1533cb897d406382b4b6fede8890a03738ff1683af800d54192"},
    {file = "tomli-2.2.1-cp312-cp312-manylinux_2_17_x86_64.manylinux2014_x86_64.whl", hash = "sha256:db2b95f9de79181805df90bedc5a5ab4c165e6ec3fe99f970d0e302f384ad222"},
    {file = "tomli-2.2.1-cp312-cp312-manylinux_2_5_i686.manylinux1_i686.manylinux_2_17_i686.manylinux2014_i686.whl", hash = "sha256:40741994320b232529c802f8bc86da4e1aa9f413db394617b9a256ae0f9a7f77"},
    {file = "tomli-2.2.1-cp312-cp312-musllinux_1_2_aarch64.whl", hash = "sha256:400e720fe168c0f8521520190686ef8ef033fb19fc493da09779e592861b78c6"},
    {file = "tomli-2.2.1-cp312-cp312-musllinux_1_2_i686.whl", hash = "sha256:02abe224de6ae62c19f090f68da4e27b10af2b93213d36cf44e6e1c5abd19fdd"},
    {file = "tomli-2.2.1-cp312-cp312-musllinux_1_2_x86_64.whl", hash = "sha256:b82ebccc8c8a36f2094e969560a1b836758481f3dc360ce9a3277c65f374285e"},
    {file = "tomli-2.2.1-cp312-cp312-win32.whl", hash = "sha256:889f80ef92701b9dbb224e49ec87c645ce5df3fa2cc548664eb8a25e03127a98"},
    {file = "tomli-2.2.1-cp312-cp312-win_amd64.whl", hash = "sha256:7fc04e92e1d624a4a63c76474610238576942d6b8950a2d7f908a340494e67e4"},
    {file = "tomli-2.2.1-cp313-cp313-macosx_10_13_x86_64.whl", hash = "sha256:f4039b9cbc3048b2416cc57ab3bda989a6fcf9b36cf8937f01a6e731b64f80d7"},
    {file = "tomli-2.2.1-cp313-cp313-macosx_11_0_arm64.whl", hash = "sha256:286f0ca2ffeeb5b9bd4fcc8d6c330534323ec51b2f52da063b11c502da16f30c"},
    {file = "tomli-2.2.1-cp313-cp313-manylinux_2_17_aarch64.manylinux2014_aarch64.whl", hash = "sha256:a92ef1a44547e894e2a17d24e7557a5e85a9e1d0048b0b5e7541f76c5032cb13"},
    {file = "tomli-2.2.1-cp313-cp313-manylinux_2_17_x86_64.manylinux2014_x86_64.whl", hash = "sha256:9316dc65bed1684c9a98ee68759ceaed29d229e985297003e494aa825ebb0281"},
    {file = "tomli-2.2.1-cp313-cp313-manylinux_2_5_i686.manylinux1_i686.manylinux_2_17_i686.manylinux2014_i686.whl", hash = "sha256:e85e99945e688e32d5a35c1ff38ed0b3f41f43fad8df0bdf79f72b2ba7bc5272"},
    {file = "tomli-2.2.1-cp313-cp313-musllinux_1_2_aarch64.whl", hash = "sha256:ac065718db92ca818f8d6141b5f66369833d4a80a9d74435a268c52bdfa73140"},
    {file = "tomli-2.2.1-cp313-cp313-musllinux_1_2_i686.whl", hash = "sha256:d920f33822747519673ee656a4b6ac33e382eca9d331c87770faa3eef562aeb2"},
    {file = "tomli-2.2.1-cp313-cp313-musllinux_1_2_x86_64.whl", hash = "sha256:a198f10c4d1b1375d7687bc25294306e551bf1abfa4eace6650070a5c1ae2744"},
    {file = "tomli-2.2.1-cp313-cp313-win32.whl", hash = "sha256:d3f5614314d758649ab2ab3a62d4f2004c825922f9e370b29416484086b264ec"},
    {file = "tomli-2.2.1-cp313-cp313-win_amd64.whl", hash = "sha256:a38aa0308e754b0e3c67e344754dff64999ff9b513e691d0e786265c93583c69"},
    {file = "tomli-2.2.1-py3-none-any.whl", hash = "sha256:cb55c73c5f4408779d0cf3eef9f762b9c9f147a77de7b258bef0a5628adc85cc"},
    {file = "tomli-2.2.1.tar.gz", hash = "sha256:cd45e1dc79c835ce60f7404ec8119f2eb06d38b1deba146f07ced3bbc44505ff"},
]

[[package]]
name = "unidecode"
version = "1.3.8"
description = "ASCII transliterations of Unicode text"
optional = false
python-versions = ">=3.5"
groups = ["main"]
files = [
    {file = "Unidecode-1.3.8-py3-none-any.whl", hash = "sha256:d130a61ce6696f8148a3bd8fe779c99adeb4b870584eeb9526584e9aa091fd39"},
    {file = "Unidecode-1.3.8.tar.gz", hash = "sha256:cfdb349d46ed3873ece4586b96aa75258726e2fa8ec21d6f00a591d98806c2f4"},
]

[metadata]
lock-version = "2.1"
python-versions = ">=3.10"
content-hash = "85802eaef5a582574bc368ffeb130c4322dfefc2d820aa2b49371579adf0f056"
